
Microsoft Visual Studio Solution File, Format Version 12.00
# Visual Studio Version 17
VisualStudioVersion = 17.10.35013.160
MinimumVisualStudioVersion = 10.0.40219.1
Project("{FAE04EC0-301F-11D3-BF4B-00C04F79EFBC}") = "lab_02", "lab_02\lab_02.csproj", "{DE80E3AB-9575-426C-B14B-BDCDB142DA08}"
EndProject
Project("{FAE04EC0-301F-11D3-BF4B-00C04F79EFBC}") = "lab_02-2", "lab_02-2\lab_02-2.csproj", "{9F3896CD-5BBB-480C-BBB4-73F611C6DC91}"
EndProject
Project("{FAE04EC0-301F-11D3-BF4B-00C04F79EFBC}") = "lab_02-03", "lab02-03\lab_02-03.csproj", "{0011742A-5384-4616-86B1-71F95BD778C4}"
EndProject
Project("{FAE04EC0-301F-11D3-BF4B-00C04F79EFBC}") = "lab_02-04", "lab_02-04\lab_02-04.csproj", "{53BAF3C4-E6A4-44A8-B282-EEF9782DD443}"
EndProject
Project("{FAE04EC0-301F-11D3-BF4B-00C04F79EFBC}") = "lab_02-05", "lab_02-05\lab_02-05.csproj", "{9B352300-482E-42B8-8D4B-2B3E01EC5DB0}"
EndProject
Global
	GlobalSection(SolutionConfigurationPlatforms) = preSolution
		Debug|Any CPU = Debug|Any CPU
		Release|Any CPU = Release|Any CPU
	EndGlobalSection
	GlobalSection(ProjectConfigurationPlatforms) = postSolution
		{DE80E3AB-9575-426C-B14B-BDCDB142DA08}.Debug|Any CPU.ActiveCfg = Debug|Any CPU
		{DE80E3AB-9575-426C-B14B-BDCDB142DA08}.Debug|Any CPU.Build.0 = Debug|Any CPU
		{DE80E3AB-9575-426C-B14B-BDCDB142DA08}.Release|Any CPU.ActiveCfg = Release|Any CPU
		{DE80E3AB-9575-426C-B14B-BDCDB142DA08}.Release|Any CPU.Build.0 = Release|Any CPU
		{9F3896CD-5BBB-480C-BBB4-73F611C6DC91}.Debug|Any CPU.ActiveCfg = Debug|Any CPU
		{9F3896CD-5BBB-480C-BBB4-73F611C6DC91}.Debug|Any CPU.Build.0 = Debug|Any CPU
		{9F3896CD-5BBB-480C-BBB4-73F611C6DC91}.Release|Any CPU.ActiveCfg = Release|Any CPU
		{9F3896CD-5BBB-480C-BBB4-73F611C6DC91}.Release|Any CPU.Build.0 = Release|Any CPU
		{0011742A-5384-4616-86B1-71F95BD778C4}.Debug|Any CPU.ActiveCfg = Debug|Any CPU
		{0011742A-5384-4616-86B1-71F95BD778C4}.Debug|Any CPU.Build.0 = Debug|Any CPU
		{0011742A-5384-4616-86B1-71F95BD778C4}.Release|Any CPU.ActiveCfg = Release|Any CPU
		{0011742A-5384-4616-86B1-71F95BD778C4}.Release|Any CPU.Build.0 = Release|Any CPU
		{53BAF3C4-E6A4-44A8-B282-EEF9782DD443}.Debug|Any CPU.ActiveCfg = Debug|Any CPU
		{53BAF3C4-E6A4-44A8-B282-EEF9782DD443}.Debug|Any CPU.Build.0 = Debug|Any CPU
		{53BAF3C4-E6A4-44A8-B282-EEF9782DD443}.Release|Any CPU.ActiveCfg = Release|Any CPU
		{53BAF3C4-E6A4-44A8-B282-EEF9782DD443}.Release|Any CPU.Build.0 = Release|Any CPU
		{9B352300-482E-42B8-8D4B-2B3E01EC5DB0}.Debug|Any CPU.ActiveCfg = Debug|Any CPU
		{9B352300-482E-42B8-8D4B-2B3E01EC5DB0}.Debug|Any CPU.Build.0 = Debug|Any CPU
		{9B352300-482E-42B8-8D4B-2B3E01EC5DB0}.Release|Any CPU.ActiveCfg = Release|Any CPU
		{9B352300-482E-42B8-8D4B-2B3E01EC5DB0}.Release|Any CPU.Build.0 = Release|Any CPU
	EndGlobalSection
	GlobalSection(SolutionProperties) = preSolution
		HideSolutionNode = FALSE
	EndGlobalSection
	GlobalSection(ExtensibilityGlobals) = postSolution
		SolutionGuid = {E0AA35FE-AA32-44EC-9339-49EB72290428}
	EndGlobalSection
EndGlobal
