
Microsoft Visual Studio Solution File, Format Version 12.00
# Visual Studio Version 17
VisualStudioVersion = 17.10.35013.160
MinimumVisualStudioVersion = 10.0.40219.1
Project("{9A19103F-16F7-4668-BE54-9A1E7A4F7556}") = "lab_02", "lab_02\lab_02.csproj", "{DE80E3AB-9575-426C-B14B-BDCDB142DA08}"
EndProject
Project("{9A19103F-16F7-4668-BE54-9A1E7A4F7556}") = "lab_02-2", "lab_02-2\lab_02-2.csproj", "{9F3896CD-5BBB-480C-BBB4-73F611C6DC91}"
EndProject
Project("{9A19103F-16F7-4668-BE54-9A1E7A4F7556}") = "lab_02-03", "lab02-03\lab_02-03.csproj", "{0011742A-5384-4616-86B1-71F95BD778C4}"
EndProject
Project("{9A19103F-16F7-4668-BE54-9A1E7A4F7556}") = "lab_02-04", "lab_02-04\lab_02-04.csproj", "{53BAF3C4-E6A4-44A8-B282-EEF9782DD443}"
EndProject
Project("{9A19103F-16F7-4668-BE54-9A1E7A4F7556}") = "lab_02-05", "lab_02-05\lab_02-05.csproj", "{9B352300-482E-42B8-8D4B-2B3E01EC5DB0}"
EndProject
Project("{9A19103F-16F7-4668-BE54-9A1E7A4F7556}") = "lab_02-05_bai2_5", "lab_02-05_bai2.5\lab_02-05_bai2_5.csproj", "{4EF85610-7E7D-4383-A1E3-D0618B26E688}"
EndProject
Project("{9A19103F-16F7-4668-BE54-9A1E7A4F7556}") = "lab_02-06", "lab_02-06\lab_02-06.csproj", "{DFE6EBAA-CCF2-4ECC-AD8B-0D3C9B35AA9C}"
EndProject
Project("{9A19103F-16F7-4668-BE54-9A1E7A4F7556}") = "bt_02-01", "bt_02-01\bt_02-01.csproj", "{34F18CCC-5E78-4F74-BA45-5E774C3DEBFE}"
EndProject
Project("{9A19103F-16F7-4668-BE54-9A1E7A4F7556}") = "bt_02-02", "bt_02-02\bt_02-02.csproj", "{CD61DE5C-D7E8-4B01-A39C-FC96D8C77049}"
EndProject
Project("{9A19103F-16F7-4668-BE54-9A1E7A4F7556}") = "bt_02-03", "bt_02-03\bt_02-03.csproj", "{E62A65F2-869E-4E81-92F5-CCA9B83BF89E}"
EndProject
Project("{9A19103F-16F7-4668-BE54-9A1E7A4F7556}") = "bt_02-04", "bt_02-04\bt_02-04.csproj", "{C62F79B4-7C2F-4CAB-A8E6-305010294D2B}"
EndProject
Project("{9A19103F-16F7-4668-BE54-9A1E7A4F7556}") = "bt_02-05a", "bt_02-05a\bt_02-05a.csproj", "{F68F9D5F-6B0E-4BFE-B48D-0EFED4A75AD9}"
EndProject
Project("{9A19103F-16F7-4668-BE54-9A1E7A4F7556}") = "bt_02-05b", "bt_02-05b\bt_02-05b.csproj", "{2BA7CEB6-BC49-4B7E-A8EE-80F0C3EE2C5B}"
EndProject
Project("{9A19103F-16F7-4668-BE54-9A1E7A4F7556}") = "bt_02-05c", "bt_02-05c\bt_02-05c.csproj", "{4B7665B2-FE5C-4FA9-BA84-9B2A315E39A7}"
EndProject
Project("{9A19103F-16F7-4668-BE54-9A1E7A4F7556}") = "bt_02-06", "bt_02-06\bt_02-06.csproj", "{81800D90-DBAE-4AA5-9715-C888A7BCA7D2}"
EndProject
Project("{9A19103F-16F7-4668-BE54-9A1E7A4F7556}") = "bt_02-07", "bt_02-07\bt_02-07.csproj", "{4F467126-ACE2-4160-AAA1-F5C735C717C9}"
EndProject
Project("{9A19103F-16F7-4668-BE54-9A1E7A4F7556}") = "debug", "debug\debug.csproj", "{6FC35A34-B969-414E-ABC9-7B13765D51A2}"
EndProject
Project("{FAE04EC0-301F-11D3-BF4B-00C04F79EFBC}") = "bt_02-08", "bt_02-08\bt_02-08.csproj", "{490F80AC-3483-4BD8-B70C-1CBA42E8E10B}"
EndProject
Global
	GlobalSection(SolutionConfigurationPlatforms) = preSolution
		Debug|Any CPU = Debug|Any CPU
		Release|Any CPU = Release|Any CPU
	EndGlobalSection
	GlobalSection(ProjectConfigurationPlatforms) = postSolution
		{DE80E3AB-9575-426C-B14B-BDCDB142DA08}.Debug|Any CPU.ActiveCfg = Debug|Any CPU
		{DE80E3AB-9575-426C-B14B-BDCDB142DA08}.Debug|Any CPU.Build.0 = Debug|Any CPU
		{DE80E3AB-9575-426C-B14B-BDCDB142DA08}.Release|Any CPU.ActiveCfg = Release|Any CPU
		{DE80E3AB-9575-426C-B14B-BDCDB142DA08}.Release|Any CPU.Build.0 = Release|Any CPU
		{9F3896CD-5BBB-480C-BBB4-73F611C6DC91}.Debug|Any CPU.ActiveCfg = Debug|Any CPU
		{9F3896CD-5BBB-480C-BBB4-73F611C6DC91}.Debug|Any CPU.Build.0 = Debug|Any CPU
		{9F3896CD-5BBB-480C-BBB4-73F611C6DC91}.Release|Any CPU.ActiveCfg = Release|Any CPU
		{9F3896CD-5BBB-480C-BBB4-73F611C6DC91}.Release|Any CPU.Build.0 = Release|Any CPU
		{0011742A-5384-4616-86B1-71F95BD778C4}.Debug|Any CPU.ActiveCfg = Debug|Any CPU
		{0011742A-5384-4616-86B1-71F95BD778C4}.Debug|Any CPU.Build.0 = Debug|Any CPU
		{0011742A-5384-4616-86B1-71F95BD778C4}.Release|Any CPU.ActiveCfg = Release|Any CPU
		{0011742A-5384-4616-86B1-71F95BD778C4}.Release|Any CPU.Build.0 = Release|Any CPU
		{53BAF3C4-E6A4-44A8-B282-EEF9782DD443}.Debug|Any CPU.ActiveCfg = Debug|Any CPU
		{53BAF3C4-E6A4-44A8-B282-EEF9782DD443}.Debug|Any CPU.Build.0 = Debug|Any CPU
		{53BAF3C4-E6A4-44A8-B282-EEF9782DD443}.Release|Any CPU.ActiveCfg = Release|Any CPU
		{53BAF3C4-E6A4-44A8-B282-EEF9782DD443}.Release|Any CPU.Build.0 = Release|Any CPU
		{9B352300-482E-42B8-8D4B-2B3E01EC5DB0}.Debug|Any CPU.ActiveCfg = Debug|Any CPU
		{9B352300-482E-42B8-8D4B-2B3E01EC5DB0}.Debug|Any CPU.Build.0 = Debug|Any CPU
		{9B352300-482E-42B8-8D4B-2B3E01EC5DB0}.Release|Any CPU.ActiveCfg = Release|Any CPU
		{9B352300-482E-42B8-8D4B-2B3E01EC5DB0}.Release|Any CPU.Build.0 = Release|Any CPU
		{4EF85610-7E7D-4383-A1E3-D0618B26E688}.Debug|Any CPU.ActiveCfg = Debug|Any CPU
		{4EF85610-7E7D-4383-A1E3-D0618B26E688}.Debug|Any CPU.Build.0 = Debug|Any CPU
		{4EF85610-7E7D-4383-A1E3-D0618B26E688}.Release|Any CPU.ActiveCfg = Release|Any CPU
		{4EF85610-7E7D-4383-A1E3-D0618B26E688}.Release|Any CPU.Build.0 = Release|Any CPU
		{DFE6EBAA-CCF2-4ECC-AD8B-0D3C9B35AA9C}.Debug|Any CPU.ActiveCfg = Debug|Any CPU
		{DFE6EBAA-CCF2-4ECC-AD8B-0D3C9B35AA9C}.Debug|Any CPU.Build.0 = Debug|Any CPU
		{DFE6EBAA-CCF2-4ECC-AD8B-0D3C9B35AA9C}.Release|Any CPU.ActiveCfg = Release|Any CPU
		{DFE6EBAA-CCF2-4ECC-AD8B-0D3C9B35AA9C}.Release|Any CPU.Build.0 = Release|Any CPU
		{34F18CCC-5E78-4F74-BA45-5E774C3DEBFE}.Debug|Any CPU.ActiveCfg = Debug|Any CPU
		{34F18CCC-5E78-4F74-BA45-5E774C3DEBFE}.Debug|Any CPU.Build.0 = Debug|Any CPU
		{34F18CCC-5E78-4F74-BA45-5E774C3DEBFE}.Release|Any CPU.ActiveCfg = Release|Any CPU
		{34F18CCC-5E78-4F74-BA45-5E774C3DEBFE}.Release|Any CPU.Build.0 = Release|Any CPU
		{CD61DE5C-D7E8-4B01-A39C-FC96D8C77049}.Debug|Any CPU.ActiveCfg = Debug|Any CPU
		{CD61DE5C-D7E8-4B01-A39C-FC96D8C77049}.Debug|Any CPU.Build.0 = Debug|Any CPU
		{CD61DE5C-D7E8-4B01-A39C-FC96D8C77049}.Release|Any CPU.ActiveCfg = Release|Any CPU
		{CD61DE5C-D7E8-4B01-A39C-FC96D8C77049}.Release|Any CPU.Build.0 = Release|Any CPU
		{E62A65F2-869E-4E81-92F5-CCA9B83BF89E}.Debug|Any CPU.ActiveCfg = Debug|Any CPU
		{E62A65F2-869E-4E81-92F5-CCA9B83BF89E}.Debug|Any CPU.Build.0 = Debug|Any CPU
		{E62A65F2-869E-4E81-92F5-CCA9B83BF89E}.Release|Any CPU.ActiveCfg = Release|Any CPU
		{E62A65F2-869E-4E81-92F5-CCA9B83BF89E}.Release|Any CPU.Build.0 = Release|Any CPU
		{C62F79B4-7C2F-4CAB-A8E6-305010294D2B}.Debug|Any CPU.ActiveCfg = Debug|Any CPU
		{C62F79B4-7C2F-4CAB-A8E6-305010294D2B}.Debug|Any CPU.Build.0 = Debug|Any CPU
		{C62F79B4-7C2F-4CAB-A8E6-305010294D2B}.Release|Any CPU.ActiveCfg = Release|Any CPU
		{C62F79B4-7C2F-4CAB-A8E6-305010294D2B}.Release|Any CPU.Build.0 = Release|Any CPU
		{F68F9D5F-6B0E-4BFE-B48D-0EFED4A75AD9}.Debug|Any CPU.ActiveCfg = Debug|Any CPU
		{F68F9D5F-6B0E-4BFE-B48D-0EFED4A75AD9}.Debug|Any CPU.Build.0 = Debug|Any CPU
		{F68F9D5F-6B0E-4BFE-B48D-0EFED4A75AD9}.Release|Any CPU.ActiveCfg = Release|Any CPU
		{F68F9D5F-6B0E-4BFE-B48D-0EFED4A75AD9}.Release|Any CPU.Build.0 = Release|Any CPU
		{2BA7CEB6-BC49-4B7E-A8EE-80F0C3EE2C5B}.Debug|Any CPU.ActiveCfg = Debug|Any CPU
		{2BA7CEB6-BC49-4B7E-A8EE-80F0C3EE2C5B}.Debug|Any CPU.Build.0 = Debug|Any CPU
		{2BA7CEB6-BC49-4B7E-A8EE-80F0C3EE2C5B}.Release|Any CPU.ActiveCfg = Release|Any CPU
		{2BA7CEB6-BC49-4B7E-A8EE-80F0C3EE2C5B}.Release|Any CPU.Build.0 = Release|Any CPU
		{4B7665B2-FE5C-4FA9-BA84-9B2A315E39A7}.Debug|Any CPU.ActiveCfg = Debug|Any CPU
		{4B7665B2-FE5C-4FA9-BA84-9B2A315E39A7}.Debug|Any CPU.Build.0 = Debug|Any CPU
		{4B7665B2-FE5C-4FA9-BA84-9B2A315E39A7}.Release|Any CPU.ActiveCfg = Release|Any CPU
		{4B7665B2-FE5C-4FA9-BA84-9B2A315E39A7}.Release|Any CPU.Build.0 = Release|Any CPU
		{81800D90-DBAE-4AA5-9715-C888A7BCA7D2}.Debug|Any CPU.ActiveCfg = Debug|Any CPU
		{81800D90-DBAE-4AA5-9715-C888A7BCA7D2}.Debug|Any CPU.Build.0 = Debug|Any CPU
		{81800D90-DBAE-4AA5-9715-C888A7BCA7D2}.Release|Any CPU.ActiveCfg = Release|Any CPU
		{81800D90-DBAE-4AA5-9715-C888A7BCA7D2}.Release|Any CPU.Build.0 = Release|Any CPU
		{4F467126-ACE2-4160-AAA1-F5C735C717C9}.Debug|Any CPU.ActiveCfg = Debug|Any CPU
		{4F467126-ACE2-4160-AAA1-F5C735C717C9}.Debug|Any CPU.Build.0 = Debug|Any CPU
		{4F467126-ACE2-4160-AAA1-F5C735C717C9}.Release|Any CPU.ActiveCfg = Release|Any CPU
		{4F467126-ACE2-4160-AAA1-F5C735C717C9}.Release|Any CPU.Build.0 = Release|Any CPU
		{6FC35A34-B969-414E-ABC9-7B13765D51A2}.Debug|Any CPU.ActiveCfg = Debug|Any CPU
		{6FC35A34-B969-414E-ABC9-7B13765D51A2}.Debug|Any CPU.Build.0 = Debug|Any CPU
		{6FC35A34-B969-414E-ABC9-7B13765D51A2}.Release|Any CPU.ActiveCfg = Release|Any CPU
		{6FC35A34-B969-414E-ABC9-7B13765D51A2}.Release|Any CPU.Build.0 = Release|Any CPU
		{490F80AC-3483-4BD8-B70C-1CBA42E8E10B}.Debug|Any CPU.ActiveCfg = Debug|Any CPU
		{490F80AC-3483-4BD8-B70C-1CBA42E8E10B}.Debug|Any CPU.Build.0 = Debug|Any CPU
		{490F80AC-3483-4BD8-B70C-1CBA42E8E10B}.Release|Any CPU.ActiveCfg = Release|Any CPU
		{490F80AC-3483-4BD8-B70C-1CBA42E8E10B}.Release|Any CPU.Build.0 = Release|Any CPU
	EndGlobalSection
	GlobalSection(SolutionProperties) = preSolution
		HideSolutionNode = FALSE
	EndGlobalSection
	GlobalSection(ExtensibilityGlobals) = postSolution
		SolutionGuid = {E0AA35FE-AA32-44EC-9339-49EB72290428}
	EndGlobalSection
EndGlobal
